
Microsoft Visual Studio Solution File, Format Version 12.00
# Visual Studio Version 17
VisualStudioVersion = 17.6.33829.357
MinimumVisualStudioVersion = 10.0.40219.1
Project("{FAE04EC0-301F-11D3-BF4B-00C04F79EFBC}") = "myprojectforgithubpractice", "myprojectforgithubpractice\myprojectforgithubpractice.csproj", "{25752A4F-304E-4A36-BA98-D69D9E6E3A5F}"
EndProject
Global
	GlobalSection(SolutionConfigurationPlatforms) = preSolution
		Debug|Any CPU = Debug|Any CPU
		Release|Any CPU = Release|Any CPU
	EndGlobalSection
	GlobalSection(ProjectConfigurationPlatforms) = postSolution
		{25752A4F-304E-4A36-BA98-D69D9E6E3A5F}.Debug|Any CPU.ActiveCfg = Debug|Any CPU
		{25752A4F-304E-4A36-BA98-D69D9E6E3A5F}.Debug|Any CPU.Build.0 = Debug|Any CPU
		{25752A4F-304E-4A36-BA98-D69D9E6E3A5F}.Release|Any CPU.ActiveCfg = Release|Any CPU
		{25752A4F-304E-4A36-BA98-D69D9E6E3A5F}.Release|Any CPU.Build.0 = Release|Any CPU
	EndGlobalSection
	GlobalSection(SolutionProperties) = preSolution
		HideSolutionNode = FALSE
	EndGlobalSection
	GlobalSection(ExtensibilityGlobals) = postSolution
		SolutionGuid = {58FFB175-5ED9-47F8-AFFB-7F2D25AAE054}
	EndGlobalSection
EndGlobal
